// !$*UTF8*$!
{
	archiveVersion = 1;
	classes = {
	};
	objectVersion = 50;
	objects = {

/* Begin PBXBuildFile section */
		4BDD464F244A1C8C00AF4EFE /* AppDelegate.swift in Sources */ = {isa = PBXBuildFile; fileRef = 4BDD464E244A1C8C00AF4EFE /* AppDelegate.swift */; };
		4BDD4651244A1C8C00AF4EFE /* SceneDelegate.swift in Sources */ = {isa = PBXBuildFile; fileRef = 4BDD4650244A1C8C00AF4EFE /* SceneDelegate.swift */; };
		4BDD4653244A1C8C00AF4EFE /* ViewController.swift in Sources */ = {isa = PBXBuildFile; fileRef = 4BDD4652244A1C8C00AF4EFE /* ViewController.swift */; };
		4BDD4656244A1C8C00AF4EFE /* Main.storyboard in Resources */ = {isa = PBXBuildFile; fileRef = 4BDD4654244A1C8C00AF4EFE /* Main.storyboard */; };
		4BDD4658244A1C9000AF4EFE /* Assets.xcassets in Resources */ = {isa = PBXBuildFile; fileRef = 4BDD4657244A1C9000AF4EFE /* Assets.xcassets */; };
		4BDD465B244A1C9000AF4EFE /* LaunchScreen.storyboard in Resources */ = {isa = PBXBuildFile; fileRef = 4BDD4659244A1C9000AF4EFE /* LaunchScreen.storyboard */; };
/* End PBXBuildFile section */

/* Begin PBXFileReference section */
		4BDD464B244A1C8C00AF4EFE /* Auto Layout Exercise.app */ = {isa = PBXFileReference; explicitFileType = wrapper.application; includeInIndex = 0; path = "Auto Layout Exercise.app"; sourceTree = BUILT_PRODUCTS_DIR; };
		4BDD464E244A1C8C00AF4EFE /* AppDelegate.swift */ = {isa = PBXFileReference; lastKnownFileType = sourcecode.swift; path = AppDelegate.swift; sourceTree = "<group>"; };
		4BDD4650244A1C8C00AF4EFE /* SceneDelegate.swift */ = {isa = PBXFileReference; lastKnownFileType = sourcecode.swift; path = SceneDelegate.swift; sourceTree = "<group>"; };
		4BDD4652244A1C8C00AF4EFE /* ViewController.swift */ = {isa = PBXFileReference; lastKnownFileType = sourcecode.swift; path = ViewController.swift; sourceTree = "<group>"; };
		4BDD4655244A1C8C00AF4EFE /* Base */ = {isa = PBXFileReference; lastKnownFileType = file.storyboard; name = Base; path = Base.lproj/Main.storyboard; sourceTree = "<group>"; };
		4BDD4657244A1C9000AF4EFE /* Assets.xcassets */ = {isa = PBXFileReference; lastKnownFileType = folder.assetcatalog; path = Assets.xcassets; sourceTree = "<group>"; };
		4BDD465A244A1C9000AF4EFE /* Base */ = {isa = PBXFileReference; lastKnownFileType = file.storyboard; name = Base; path = Base.lproj/LaunchScreen.storyboard; sourceTree = "<group>"; };
		4BDD465C244A1C9000AF4EFE /* Info.plist */ = {isa = PBXFileReference; lastKnownFileType = text.plist.xml; path = Info.plist; sourceTree = "<group>"; };
/* End PBXFileReference section */

/* Begin PBXFrameworksBuildPhase section */
		4BDD4648244A1C8C00AF4EFE /* Frameworks */ = {
			isa = PBXFrameworksBuildPhase;
			buildActionMask = 2147483647;
			files = (
			);
			runOnlyForDeploymentPostprocessing = 0;
		};
/* End PBXFrameworksBuildPhase section */

/* Begin PBXGroup section */
		4BDD4642244A1C8C00AF4EFE = {
			isa = PBXGroup;
			children = (
				4BDD464D244A1C8C00AF4EFE /* Auto Layout Exercise */,
				4BDD464C244A1C8C00AF4EFE /* Products */,
			);
			sourceTree = "<group>";
		};
		4BDD464C244A1C8C00AF4EFE /* Products */ = {
			isa = PBXGroup;
			children = (
				4BDD464B244A1C8C00AF4EFE /* Auto Layout Exercise.app */,
			);
			name = Products;
			sourceTree = "<group>";
		};
		4BDD464D244A1C8C00AF4EFE /* Auto Layout Exercise */ = {
			isa = PBXGroup;
			children = (
				4BDD464E244A1C8C00AF4EFE /* AppDelegate.swift */,
				4BDD4650244A1C8C00AF4EFE /* SceneDelegate.swift */,
				4BDD4652244A1C8C00AF4EFE /* ViewController.swift */,
				4BDD4654244A1C8C00AF4EFE /* Main.storyboard */,
				4BDD4657244A1C9000AF4EFE /* Assets.xcassets */,
				4BDD4659244A1C9000AF4EFE /* LaunchScreen.storyboard */,
				4BDD465C244A1C9000AF4EFE /* Info.plist */,
			);
			path = "Auto Layout Exercise";
			sourceTree = "<group>";
		};
/* End PBXGroup section */

/* Begin PBXNativeTarget section */
		4BDD464A244A1C8C00AF4EFE /* Auto Layout Exercise */ = {
			isa = PBXNativeTarget;
			buildConfigurationList = 4BDD465F244A1C9000AF4EFE /* Build configuration list for PBXNativeTarget "Auto Layout Exercise" */;
			buildPhases = (
				4BDD4647244A1C8C00AF4EFE /* Sources */,
				4BDD4648244A1C8C00AF4EFE /* Frameworks */,
				4BDD4649244A1C8C00AF4EFE /* Resources */,
			);
			buildRules = (
			);
			dependencies = (
			);
			name = "Auto Layout Exercise";
			productName = "Auto Layout Exercise";
			productReference = 4BDD464B244A1C8C00AF4EFE /* Auto Layout Exercise.app */;
			productType = "com.apple.product-type.application";
		};
/* End PBXNativeTarget section */

/* Begin PBXProject section */
		4BDD4643244A1C8C00AF4EFE /* Project object */ = {
			isa = PBXProject;
			attributes = {
				LastSwiftUpdateCheck = 1140;
				LastUpgradeCheck = 1140;
				TargetAttributes = {
					4BDD464A244A1C8C00AF4EFE = {
						CreatedOnToolsVersion = 11.4.1;
					};
				};
			};
			buildConfigurationList = 4BDD4646244A1C8C00AF4EFE /* Build configuration list for PBXProject "Auto Layout Exercise" */;
			compatibilityVersion = "Xcode 9.3";
			developmentRegion = en;
			hasScannedForEncodings = 0;
			knownRegions = (
				en,
				Base,
			);
			mainGroup = 4BDD4642244A1C8C00AF4EFE;
			productRefGroup = 4BDD464C244A1C8C00AF4EFE /* Products */;
			projectDirPath = "";
			projectRoot = "";
			targets = (
				4BDD464A244A1C8C00AF4EFE /* Auto Layout Exercise */,
			);
		};
/* End PBXProject section */

/* Begin PBXResourcesBuildPhase section */
		4BDD4649244A1C8C00AF4EFE /* Resources */ = {
			isa = PBXResourcesBuildPhase;
			buildActionMask = 2147483647;
			files = (
				4BDD465B244A1C9000AF4EFE /* LaunchScreen.storyboard in Resources */,
				4BDD4658244A1C9000AF4EFE /* Assets.xcassets in Resources */,
				4BDD4656244A1C8C00AF4EFE /* Main.storyboard in Resources */,
			);
			runOnlyForDeploymentPostprocessing = 0;
		};
/* End PBXResourcesBuildPhase section */

/* Begin PBXSourcesBuildPhase section */
		4BDD4647244A1C8C00AF4EFE /* Sources */ = {
			isa = PBXSourcesBuildPhase;
			buildActionMask = 2147483647;
			files = (
				4BDD4653244A1C8C00AF4EFE /* ViewController.swift in Sources */,
				4BDD464F244A1C8C00AF4EFE /* AppDelegate.swift in Sources */,
				4BDD4651244A1C8C00AF4EFE /* SceneDelegate.swift in Sources */,
			);
			runOnlyForDeploymentPostprocessing = 0;
		};
/* End PBXSourcesBuildPhase section */

/* Begin PBXVariantGroup section */
		4BDD4654244A1C8C00AF4EFE /* Main.storyboard */ = {
			isa = PBXVariantGroup;
			children = (
				4BDD4655244A1C8C00AF4EFE /* Base */,
			);
			name = Main.storyboard;
			sourceTree = "<group>";
		};
		4BDD4659244A1C9000AF4EFE /* LaunchScreen.storyboard */ = {
			isa = PBXVariantGroup;
			children = (
				4BDD465A244A1C9000AF4EFE /* Base */,
			);
			name = LaunchScreen.storyboard;
			sourceTree = "<group>";
		};
/* End PBXVariantGroup section */

/* Begin XCBuildConfiguration section */
		4BDD465D244A1C9000AF4EFE /* Debug */ = {
			isa = XCBuildConfiguration;
			buildSettings = {
				ALWAYS_SEARCH_USER_PATHS = NO;
				CLANG_ANALYZER_NONNULL = YES;
				CLANG_ANALYZER_NUMBER_OBJECT_CONVERSION = YES_AGGRESSIVE;
				CLANG_CXX_LANGUAGE_STANDARD = "gnu++14";
				CLANG_CXX_LIBRARY = "libc++";
				CLANG_ENABLE_MODULES = YES;
				CLANG_ENABLE_OBJC_ARC = YES;
				CLANG_ENABLE_OBJC_WEAK = YES;
				CLANG_WARN_BLOCK_CAPTURE_AUTORELEASING = YES;
				CLANG_WARN_BOOL_CONVERSION = YES;
				CLANG_WARN_COMMA = YES;
				CLANG_WARN_CONSTANT_CONVERSION = YES;
				CLANG_WARN_DEPRECATED_OBJC_IMPLEMENTATIONS = YES;
				CLANG_WARN_DIRECT_OBJC_ISA_USAGE = YES_ERROR;
				CLANG_WARN_DOCUMENTATION_COMMENTS = YES;
				CLANG_WARN_EMPTY_BODY = YES;
				CLANG_WARN_ENUM_CONVERSION = YES;
				CLANG_WARN_INFINITE_RECURSION = YES;
				CLANG_WARN_INT_CONVERSION = YES;
				CLANG_WARN_NON_LITERAL_NULL_CONVERSION = YES;
				CLANG_WARN_OBJC_IMPLICIT_RETAIN_SELF = YES;
				CLANG_WARN_OBJC_LITERAL_CONVERSION = YES;
				CLANG_WARN_OBJC_ROOT_CLASS = YES_ERROR;
				CLANG_WARN_RANGE_LOOP_ANALYSIS = YES;
				CLANG_WARN_STRICT_PROTOTYPES = YES;
				CLANG_WARN_SUSPICIOUS_MOVE = YES;
				CLANG_WARN_UNGUARDED_AVAILABILITY = YES_AGGRESSIVE;
				CLANG_WARN_UNREACHABLE_CODE = YES;
				CLANG_WARN__DUPLICATE_METHOD_MATCH = YES;
				COPY_PHASE_STRIP = NO;
				DEBUG_INFORMATION_FORMAT = dwarf;
				ENABLE_STRICT_OBJC_MSGSEND = YES;
				ENABLE_TESTABILITY = YES;
				GCC_C_LANGUAGE_STANDARD = gnu11;
				GCC_DYNAMIC_NO_PIC = NO;
				GCC_NO_COMMON_BLOCKS = YES;
				GCC_OPTIMIZATION_LEVEL = 0;
				GCC_PREPROCESSOR_DEFINITIONS = (
					"DEBUG=1",
					"$(inherited)",
				);
				GCC_WARN_64_TO_32_BIT_CONVERSION = YES;
				GCC_WARN_ABOUT_RETURN_TYPE = YES_ERROR;
				GCC_WARN_UNDECLARED_SELECTOR = YES;
				GCC_WARN_UNINITIALIZED_AUTOS = YES_AGGRESSIVE;
				GCC_WARN_UNUSED_FUNCTION = YES;
				GCC_WARN_UNUSED_VARIABLE = YES;
				IPHONEOS_DEPLOYMENT_TARGET = 13.4;
				MTL_ENABLE_DEBUG_INFO = INCLUDE_SOURCE;
				MTL_FAST_MATH = YES;
				ONLY_ACTIVE_ARCH = YES;
				SDKROOT = iphoneos;
				SWIFT_ACTIVE_COMPILATION_CONDITIONS = DEBUG;
				SWIFT_OPTIMIZATION_LEVEL = "-Onone";
			};
			name = Debug;
		};
		4BDD465E244A1C9000AF4EFE /* Release */ = {
			isa = XCBuildConfiguration;
			buildSettings = {
				ALWAYS_SEARCH_USER_PATHS = NO;
				CLANG_ANALYZER_NONNULL = YES;
				CLANG_ANALYZER_NUMBER_OBJECT_CONVERSION = YES_AGGRESSIVE;
				CLANG_CXX_LANGUAGE_STANDARD = "gnu++14";
				CLANG_CXX_LIBRARY = "libc++";
				CLANG_ENABLE_MODULES = YES;
				CLANG_ENABLE_OBJC_ARC = YES;
				CLANG_ENABLE_OBJC_WEAK = YES;
				CLANG_WARN_BLOCK_CAPTURE_AUTORELEASING = YES;
				CLANG_WARN_BOOL_CONVERSION = YES;
				CLANG_WARN_COMMA = YES;
				CLANG_WARN_CONSTANT_CONVERSION = YES;
				CLANG_WARN_DEPRECATED_OBJC_IMPLEMENTATIONS = YES;
				CLANG_WARN_DIRECT_OBJC_ISA_USAGE = YES_ERROR;
				CLANG_WARN_DOCUMENTATION_COMMENTS = YES;
				CLANG_WARN_EMPTY_BODY = YES;
				CLANG_WARN_ENUM_CONVERSION = YES;
				CLANG_WARN_INFINITE_RECURSION = YES;
				CLANG_WARN_INT_CONVERSION = YES;
				CLANG_WARN_NON_LITERAL_NULL_CONVERSION = YES;
				CLANG_WARN_OBJC_IMPLICIT_RETAIN_SELF = YES;
				CLANG_WARN_OBJC_LITERAL_CONVERSION = YES;
				CLANG_WARN_OBJC_ROOT_CLASS = YES_ERROR;
				CLANG_WARN_RANGE_LOOP_ANALYSIS = YES;
				CLANG_WARN_STRICT_PROTOTYPES = YES;
				CLANG_WARN_SUSPICIOUS_MOVE = YES;
				CLANG_WARN_UNGUARDED_AVAILABILITY = YES_AGGRESSIVE;
				CLANG_WARN_UNREACHABLE_CODE = YES;
				CLANG_WARN__DUPLICATE_METHOD_MATCH = YES;
				COPY_PHASE_STRIP = NO;
				DEBUG_INFORMATION_FORMAT = "dwarf-with-dsym";
				ENABLE_NS_ASSERTIONS = NO;
				ENABLE_STRICT_OBJC_MSGSEND = YES;
				GCC_C_LANGUAGE_STANDARD = gnu11;
				GCC_NO_COMMON_BLOCKS = YES;
				GCC_WARN_64_TO_32_BIT_CONVERSION = YES;
				GCC_WARN_ABOUT_RETURN_TYPE = YES_ERROR;
				GCC_WARN_UNDECLARED_SELECTOR = YES;
				GCC_WARN_UNINITIALIZED_AUTOS = YES_AGGRESSIVE;
				GCC_WARN_UNUSED_FUNCTION = YES;
				GCC_WARN_UNUSED_VARIABLE = YES;
				IPHONEOS_DEPLOYMENT_TARGET = 13.4;
				MTL_ENABLE_DEBUG_INFO = NO;
				MTL_FAST_MATH = YES;
				SDKROOT = iphoneos;
				SWIFT_COMPILATION_MODE = wholemodule;
				SWIFT_OPTIMIZATION_LEVEL = "-O";
				VALIDATE_PRODUCT = YES;
			};
			name = Release;
		};
		4BDD4660244A1C9000AF4EFE /* Debug */ = {
			isa = XCBuildConfiguration;
			buildSettings = {
				ASSETCATALOG_COMPILER_APPICON_NAME = AppIcon;
				CODE_SIGN_STYLE = Automatic;
				INFOPLIST_FILE = "Auto Layout Exercise/Info.plist";
				LD_RUNPATH_SEARCH_PATHS = (
					"$(inherited)",
					"@executable_path/Frameworks",
				);
				PRODUCT_BUNDLE_IDENTIFIER = "com.AutoLayoutExercise.Auto-Layout-Exercise";
				PRODUCT_NAME = "$(TARGET_NAME)";
				SWIFT_VERSION = 5.0;
				TARGETED_DEVICE_FAMILY = "1,2";
			};
			name = Debug;
		};
		4BDD4661244A1C9000AF4EFE /* Release */ = {
			isa = XCBuildConfiguration;
			buildSettings = {
				ASSETCATALOG_COMPILER_APPICON_NAME = AppIcon;
				CODE_SIGN_STYLE = Automatic;
				INFOPLIST_FILE = "Auto Layout Exercise/Info.plist";
				LD_RUNPATH_SEARCH_PATHS = (
					"$(inherited)",
					"@executable_path/Frameworks",
				);
				PRODUCT_BUNDLE_IDENTIFIER = "com.AutoLayoutExercise.Auto-Layout-Exercise";
				PRODUCT_NAME = "$(TARGET_NAME)";
				SWIFT_VERSION = 5.0;
				TARGETED_DEVICE_FAMILY = "1,2";
			};
			name = Release;
		};
/* End XCBuildConfiguration section */

/* Begin XCConfigurationList section */
		4BDD4646244A1C8C00AF4EFE /* Build configuration list for PBXProject "Auto Layout Exercise" */ = {
			isa = XCConfigurationList;
			buildConfigurations = (
				4BDD465D244A1C9000AF4EFE /* Debug */,
				4BDD465E244A1C9000AF4EFE /* Release */,
			);
			defaultConfigurationIsVisible = 0;
			defaultConfigurationName = Release;
		};
		4BDD465F244A1C9000AF4EFE /* Build configuration list for PBXNativeTarget "Auto Layout Exercise" */ = {
			isa = XCConfigurationList;
			buildConfigurations = (
				4BDD4660244A1C9000AF4EFE /* Debug */,
				4BDD4661244A1C9000AF4EFE /* Release */,
			);
			defaultConfigurationIsVisible = 0;
			defaultConfigurationName = Release;
		};
/* End XCConfigurationList section */
	};
	rootObject = 4BDD4643244A1C8C00AF4EFE /* Project object */;
}
